
Microsoft Visual Studio Solution File, Format Version 11.00
# Visual Studio 2010
Project("{FAE04EC0-301F-11D3-BF4B-00C04F79EFBC}") = "juegosMVC", "juegosMVC\juegosMVC.csproj", "{096E7C18-BCCF-4465-A8FF-E58E2EB8A5B7}"
EndProject
Project("{FAE04EC0-301F-11D3-BF4B-00C04F79EFBC}") = "juegosMVC.Tests", "juegosMVC.Tests\juegosMVC.Tests.csproj", "{23184D95-B814-406A-9520-262EEAB607F1}"
EndProject
Global
	GlobalSection(SolutionConfigurationPlatforms) = preSolution
		Debug|Any CPU = Debug|Any CPU
		Release|Any CPU = Release|Any CPU
	EndGlobalSection
	GlobalSection(ProjectConfigurationPlatforms) = postSolution
		{096E7C18-BCCF-4465-A8FF-E58E2EB8A5B7}.Debug|Any CPU.ActiveCfg = Debug|Any CPU
		{096E7C18-BCCF-4465-A8FF-E58E2EB8A5B7}.Debug|Any CPU.Build.0 = Debug|Any CPU
		{096E7C18-BCCF-4465-A8FF-E58E2EB8A5B7}.Release|Any CPU.ActiveCfg = Release|Any CPU
		{096E7C18-BCCF-4465-A8FF-E58E2EB8A5B7}.Release|Any CPU.Build.0 = Release|Any CPU
		{23184D95-B814-406A-9520-262EEAB607F1}.Debug|Any CPU.ActiveCfg = Debug|Any CPU
		{23184D95-B814-406A-9520-262EEAB607F1}.Debug|Any CPU.Build.0 = Debug|Any CPU
		{23184D95-B814-406A-9520-262EEAB607F1}.Release|Any CPU.ActiveCfg = Release|Any CPU
		{23184D95-B814-406A-9520-262EEAB607F1}.Release|Any CPU.Build.0 = Release|Any CPU
	EndGlobalSection
	GlobalSection(SolutionProperties) = preSolution
		HideSolutionNode = FALSE
	EndGlobalSection
EndGlobal
