
Microsoft Visual Studio Solution File, Format Version 11.00
# Visual Studio 2010
Project("{FAE04EC0-301F-11D3-BF4B-00C04F79EFBC}") = "ventaMVC", "ventaMVC\ventaMVC.csproj", "{D28DE669-FF04-4C65-85B4-01C1D29DFB18}"
EndProject
Project("{FAE04EC0-301F-11D3-BF4B-00C04F79EFBC}") = "ventaMVC.Tests", "ventaMVC.Tests\ventaMVC.Tests.csproj", "{8123BDEF-9711-4C39-B9BA-915B4EB141F7}"
EndProject
Global
	GlobalSection(SolutionConfigurationPlatforms) = preSolution
		Debug|Any CPU = Debug|Any CPU
		Release|Any CPU = Release|Any CPU
	EndGlobalSection
	GlobalSection(ProjectConfigurationPlatforms) = postSolution
		{D28DE669-FF04-4C65-85B4-01C1D29DFB18}.Debug|Any CPU.ActiveCfg = Debug|Any CPU
		{D28DE669-FF04-4C65-85B4-01C1D29DFB18}.Debug|Any CPU.Build.0 = Debug|Any CPU
		{D28DE669-FF04-4C65-85B4-01C1D29DFB18}.Release|Any CPU.ActiveCfg = Release|Any CPU
		{D28DE669-FF04-4C65-85B4-01C1D29DFB18}.Release|Any CPU.Build.0 = Release|Any CPU
		{8123BDEF-9711-4C39-B9BA-915B4EB141F7}.Debug|Any CPU.ActiveCfg = Debug|Any CPU
		{8123BDEF-9711-4C39-B9BA-915B4EB141F7}.Debug|Any CPU.Build.0 = Debug|Any CPU
		{8123BDEF-9711-4C39-B9BA-915B4EB141F7}.Release|Any CPU.ActiveCfg = Release|Any CPU
		{8123BDEF-9711-4C39-B9BA-915B4EB141F7}.Release|Any CPU.Build.0 = Release|Any CPU
	EndGlobalSection
	GlobalSection(SolutionProperties) = preSolution
		HideSolutionNode = FALSE
	EndGlobalSection
EndGlobal
